{
  "requires": true,
  "lockfileVersion": 1,
  "dependencies": {
    "@pixi/constants": {
      "version": "5.2.1",
      "resolved": "https://registry.npmjs.org/@pixi/constants/-/constants-5.2.1.tgz",
      "integrity": "sha512-RYeP1Q5R6qVyVioM00/fhGXFAhJjD+mJW4+TOiNZQASKP0t6wF51yuIfROEIxf5a6I6INOB3aSit1jUkSpYgTA=="
    },
    "@pixi/core": {
      "version": "5.2.1",
      "resolved": "https://registry.npmjs.org/@pixi/core/-/core-5.2.1.tgz",
      "integrity": "sha512-kREyWm87C4xZtdlw+otX+U/xJZhDUQyY/UHirbBwkO0LeAfrJm3qNyMfFZTcyW4PvmF16989IjvjGAWSeZSIQw==",
      "requires": {
        "@pixi/constants": "5.2.1",
        "@pixi/display": "5.2.1",
        "@pixi/math": "5.2.1",
        "@pixi/runner": "5.2.1",
        "@pixi/settings": "5.2.1",
        "@pixi/ticker": "5.2.1",
        "@pixi/utils": "5.2.1"
      }
    },
    "@pixi/display": {
      "version": "5.2.1",
      "resolved": "https://registry.npmjs.org/@pixi/display/-/display-5.2.1.tgz",
      "integrity": "sha512-tr++p14im8KBzZHxMtM/E2Q7FWHYp9bjjDl+rA1b91HSN/vUJu1OlkUoCN4x7TyfkVtDPnrglhZykf7d93Nl9A==",
      "requires": {
        "@pixi/math": "5.2.1",
        "@pixi/settings": "5.2.1",
        "@pixi/utils": "5.2.1"
      }
    },
    "@pixi/loaders": {
      "version": "5.2.1",
      "resolved": "https://registry.npmjs.org/@pixi/loaders/-/loaders-5.2.1.tgz",
      "integrity": "sha512-XhmGD0+svS9MzqGXzcl8y0HCWk2NWqmSYDse9wwD1jIwpygU4Q5rrrqZE3OrUYt6xEP4IZXfiVAnfAJdUDtrzA==",
      "requires": {
        "@pixi/core": "5.2.1",
        "@pixi/utils": "5.2.1",
        "resource-loader": "^3.0.1"
      }
    },
    "@pixi/math": {
      "version": "5.2.1",
      "resolved": "https://registry.npmjs.org/@pixi/math/-/math-5.2.1.tgz",
      "integrity": "sha512-rsAXNk0uPvog51sdmBmbRBXoN30pZLjboHLNb7s5mfuCWkMgdR/UFdbLFzd+3dwsgpFvawFuKtbQbwO0McXn+g=="
    },
    "@pixi/runner": {
      "version": "5.2.1",
      "resolved": "https://registry.npmjs.org/@pixi/runner/-/runner-5.2.1.tgz",
      "integrity": "sha512-nhU3HaYb3EJ6zHU20b1jU6pD7vQp3OXoAtAVBzqPMR/oWMkeEm4dDvp1PwbCbZPUGoT7mLfQ//5maufue1MPqA=="
    },
    "@pixi/settings": {
      "version": "5.2.1",
      "resolved": "https://registry.npmjs.org/@pixi/settings/-/settings-5.2.1.tgz",
      "integrity": "sha512-QQfCywlYrWKUekn06P2hy1KR5MYXUyqVU0fbqEItjsH3RvN0LzE9ry2sDxf53qQ2/uCjKDXcT59YV9JcHEfwHA==",
      "requires": {
        "ismobilejs": "^1.0.3"
      }
    },
    "@pixi/ticker": {
      "version": "5.2.1",
      "resolved": "https://registry.npmjs.org/@pixi/ticker/-/ticker-5.2.1.tgz",
      "integrity": "sha512-xC2kfTjmThjo9VO28snfgvpLEJRzseTPBLP+LFn9fBqmuL17Pw+/eXgWsrTeizEOiTy+4NsaplMWdRs91UM8uw==",
      "requires": {
        "@pixi/settings": "5.2.1"
      }
    },
    "@pixi/utils": {
      "version": "5.2.1",
      "resolved": "https://registry.npmjs.org/@pixi/utils/-/utils-5.2.1.tgz",
      "integrity": "sha512-JKa/IDKK3cbwrJbhU4q3hdN5tPTsuiWco+WDSlEWq6vblrwJkhI+0dRQkooo2fL+Tso7k+hWQ+4k95YapTX5Og==",
      "requires": {
        "@pixi/constants": "5.2.1",
        "@pixi/settings": "5.2.1",
        "earcut": "^2.1.5",
        "eventemitter3": "^3.1.0",
        "url": "^0.11.0"
      },
      "dependencies": {
        "eventemitter3": {
          "version": "3.1.2",
          "resolved": "https://registry.npmjs.org/eventemitter3/-/eventemitter3-3.1.2.tgz",
          "integrity": "sha512-tvtQIeLVHjDkJYnzf2dgVMxfuSGJeM/7UCG17TT4EumTfNtF+0nebF/4zWOIkCreAbtNqhGEboB6BWrwqNaw4Q=="
        }
      }
    },
    "async": {
      "version": "2.6.3",
      "resolved": "https://registry.npmjs.org/async/-/async-2.6.3.tgz",
      "integrity": "sha512-zflvls11DCy+dQWzTW2dzuilv8Z5X/pjfmZOWba6TNIVDm+2UDaJmXSOXlasHKfNBs8oo3M0aT50fDEWfKZjXg==",
      "requires": {
        "lodash": "^4.17.14"
      }
    },
    "basic-auth": {
      "version": "1.1.0",
      "resolved": "https://registry.npmjs.org/basic-auth/-/basic-auth-1.1.0.tgz",
      "integrity": "sha1-RSIe5Cn37h5QNb4/UVM/HN/SmIQ="
    },
    "colors": {
      "version": "1.4.0",
      "resolved": "https://registry.npmjs.org/colors/-/colors-1.4.0.tgz",
      "integrity": "sha512-a+UqTh4kgZg/SlGvfbzDHpgRu7AAQOmmqRHJnxhRZICKFUT91brVhNNt58CMWU9PsBbv3PDCZUHbVxuDiH2mtA=="
    },
    "corser": {
      "version": "2.0.1",
      "resolved": "https://registry.npmjs.org/corser/-/corser-2.0.1.tgz",
      "integrity": "sha1-jtolLsqrWEDc2XXOuQ2TcMgZ/4c="
    },
    "debug": {
      "version": "3.2.6",
      "resolved": "https://registry.npmjs.org/debug/-/debug-3.2.6.tgz",
      "integrity": "sha512-mel+jf7nrtEl5Pn1Qx46zARXKDpBbvzezse7p7LqINmdoIk8PYP5SySaxEmYv6TZ0JyEKA1hsCId6DIhgITtWQ==",
      "requires": {
        "ms": "^2.1.1"
      }
    },
    "earcut": {
      "version": "2.2.2",
      "resolved": "https://registry.npmjs.org/earcut/-/earcut-2.2.2.tgz",
      "integrity": "sha512-eZoZPPJcUHnfRZ0PjLvx2qBordSiO8ofC3vt+qACLM95u+4DovnbYNpQtJh0DNsWj8RnxrQytD4WA8gj5cRIaQ=="
    },
    "ecstatic": {
      "version": "3.3.2",
      "resolved": "https://registry.npmjs.org/ecstatic/-/ecstatic-3.3.2.tgz",
      "integrity": "sha512-fLf9l1hnwrHI2xn9mEDT7KIi22UDqA2jaCwyCbSUJh9a1V+LEUSL/JO/6TIz/QyuBURWUHrFL5Kg2TtO1bkkog==",
      "requires": {
        "he": "^1.1.1",
        "mime": "^1.6.0",
        "minimist": "^1.1.0",
        "url-join": "^2.0.5"
      }
    },
    "eventemitter3": {
      "version": "4.0.0",
      "resolved": "https://registry.npmjs.org/eventemitter3/-/eventemitter3-4.0.0.tgz",
      "integrity": "sha512-qerSRB0p+UDEssxTtm6EDKcE7W4OaoisfIMl4CngyEhjpYglocpNg6UEqCvemdGhosAsg4sO2dXJOdyBifPGCg=="
    },
    "follow-redirects": {
      "version": "1.10.0",
      "resolved": "https://registry.npmjs.org/follow-redirects/-/follow-redirects-1.10.0.tgz",
      "integrity": "sha512-4eyLK6s6lH32nOvLLwlIOnr9zrL8Sm+OvW4pVTJNoXeGzYIkHVf+pADQi+OJ0E67hiuSLezPVPyBcIZO50TmmQ==",
      "requires": {
        "debug": "^3.0.0"
      }
    },
    "he": {
      "version": "1.2.0",
      "resolved": "https://registry.npmjs.org/he/-/he-1.2.0.tgz",
      "integrity": "sha512-F/1DnUGPopORZi0ni+CvrCgHQ5FyEAHRLSApuYWMmrbSwoN2Mn/7k+Gl38gJnR7yyDZk6WLXwiGod1JOWNDKGw=="
    },
    "http-proxy": {
      "version": "1.18.0",
      "resolved": "https://registry.npmjs.org/http-proxy/-/http-proxy-1.18.0.tgz",
      "integrity": "sha512-84I2iJM/n1d4Hdgc6y2+qY5mDaz2PUVjlg9znE9byl+q0uC3DeByqBGReQu5tpLK0TAqTIXScRUV+dg7+bUPpQ==",
      "requires": {
        "eventemitter3": "^4.0.0",
        "follow-redirects": "^1.0.0",
        "requires-port": "^1.0.0"
      }
    },
    "http-server": {
      "version": "0.12.1",
      "resolved": "https://registry.npmjs.org/http-server/-/http-server-0.12.1.tgz",
      "integrity": "sha512-T0jB+7J7GJ2Vo+a4/T7P7SbQ3x2GPDnqRqQXdfEuPuUOmES/9NBxPnDm7dh1HGEeUWqUmLUNtGV63ZC5Uy3tGA==",
      "requires": {
        "basic-auth": "^1.0.3",
        "colors": "^1.3.3",
        "corser": "^2.0.1",
        "ecstatic": "^3.3.2",
        "http-proxy": "^1.17.0",
        "opener": "^1.5.1",
        "optimist": "~0.6.1",
        "portfinder": "^1.0.20",
        "secure-compare": "3.0.1",
        "union": "~0.5.0"
      }
    },
    "ismobilejs": {
      "version": "1.0.3",
      "resolved": "https://registry.npmjs.org/ismobilejs/-/ismobilejs-1.0.3.tgz",
      "integrity": "sha512-6rTcdWK7PHIWPYlCPdTbU9eE9yzdnIQSpiH+8Ln5OqugpEszQK5KHlsjZrDae26fEhki9rPvQmsjI1q4CLuKIA=="
    },
    "lodash": {
      "version": "4.17.15",
      "resolved": "https://registry.npmjs.org/lodash/-/lodash-4.17.15.tgz",
      "integrity": "sha512-8xOcRHvCjnocdS5cpwXQXVzmmh5e5+saE2QGoeQmbKmRS6J3VQppPOIt0MnmE+4xlZoumy0GPG0D0MVIQbNA1A=="
    },
    "mime": {
      "version": "1.6.0",
      "resolved": "https://registry.npmjs.org/mime/-/mime-1.6.0.tgz",
      "integrity": "sha512-x0Vn8spI+wuJ1O6S7gnbaQg8Pxh4NNHb7KSINmEWKiPE4RKOplvijn+NkmYmmRgP68mc70j2EbeTFRsrswaQeg=="
    },
    "mini-signals": {
      "version": "1.2.0",
      "resolved": "https://registry.npmjs.org/mini-signals/-/mini-signals-1.2.0.tgz",
      "integrity": "sha1-RbCAE8X65RokqhqTXNMXye1yHXQ="
    },
    "minimist": {
      "version": "1.2.0",
      "resolved": "https://registry.npmjs.org/minimist/-/minimist-1.2.0.tgz",
      "integrity": "sha1-o1AIsg9BOD7sH7kU9M1d95omQoQ="
    },
    "mkdirp": {
      "version": "0.5.1",
      "resolved": "https://registry.npmjs.org/mkdirp/-/mkdirp-0.5.1.tgz",
      "integrity": "sha1-MAV0OOrGz3+MR2fzhkjWaX11yQM=",
      "requires": {
        "minimist": "0.0.8"
      },
      "dependencies": {
        "minimist": {
          "version": "0.0.8",
          "resolved": "https://registry.npmjs.org/minimist/-/minimist-0.0.8.tgz",
          "integrity": "sha1-hX/Kv8M5fSYluCKCYuhqp6ARsF0="
        }
      }
    },
    "ms": {
      "version": "2.1.2",
      "resolved": "https://registry.npmjs.org/ms/-/ms-2.1.2.tgz",
      "integrity": "sha512-sGkPx+VjMtmA6MX27oA4FBFELFCZZ4S4XqeGOXCv68tT+jb3vk/RyaKWP0PTKyWtmLSM0b+adUTEvbs1PEaH2w=="
    },
    "opener": {
      "version": "1.5.1",
      "resolved": "https://registry.npmjs.org/opener/-/opener-1.5.1.tgz",
      "integrity": "sha512-goYSy5c2UXE4Ra1xixabeVh1guIX/ZV/YokJksb6q2lubWu6UbvPQ20p542/sFIll1nl8JnCyK9oBaOcCWXwvA=="
    },
    "optimist": {
      "version": "0.6.1",
      "resolved": "https://registry.npmjs.org/optimist/-/optimist-0.6.1.tgz",
      "integrity": "sha1-2j6nRob6IaGaERwybpDrFaAZZoY=",
      "requires": {
        "minimist": "~0.0.1",
        "wordwrap": "~0.0.2"
      },
      "dependencies": {
        "minimist": {
          "version": "0.0.10",
          "resolved": "https://registry.npmjs.org/minimist/-/minimist-0.0.10.tgz",
          "integrity": "sha1-3j+YVD2/lggr5IrRoMfNqDYwHc8="
        }
      }
    },
    "parse-uri": {
      "version": "1.0.0",
      "resolved": "https://registry.npmjs.org/parse-uri/-/parse-uri-1.0.0.tgz",
      "integrity": "sha1-KHLcwi8aeXrN4Vg9igrClVLdrCA="
    },
    "pixi-action": {
      "version": "1.0.2",
      "resolved": "https://registry.npmjs.org/pixi-action/-/pixi-action-1.0.2.tgz",
      "integrity": "sha1-aG3aDjRY5QyWhblRGJdSEsChjk0="
    },
    "pixi-animate": {
      "version": "1.3.5",
      "resolved": "https://registry.npmjs.org/pixi-animate/-/pixi-animate-1.3.5.tgz",
      "integrity": "sha512-2m2G4dOC64ZIixPryjcuqZeFhNt9PbTBJSKi97UvNDORfCb2DRY6FS2oDpGODDQxrBLFJz2IXLKqKzxHejEi7Q=="
    },
    "pixi-sound": {
      "version": "3.0.4",
      "resolved": "https://registry.npmjs.org/pixi-sound/-/pixi-sound-3.0.4.tgz",
      "integrity": "sha512-e+BteT7KYAEs6SAAuqOFlXEarzMNzsVj6y14ecjQ7W7YzjgxQOUVgYFp6rJrDyEmDeSGvWDIR5x7bRMQZGRpzw==",
      "requires": {
        "@pixi/core": "^5.0.2",
        "@pixi/loaders": "^5.0.2",
        "@pixi/ticker": "^5.0.1",
        "@pixi/utils": "^5.0.1"
      }
    },
    "portfinder": {
      "version": "1.0.25",
      "resolved": "https://registry.npmjs.org/portfinder/-/portfinder-1.0.25.tgz",
      "integrity": "sha512-6ElJnHBbxVA1XSLgBp7G1FiCkQdlqGzuF7DswL5tcea+E8UpuvPU7beVAjjRwCioTS9ZluNbu+ZyRvgTsmqEBg==",
      "requires": {
        "async": "^2.6.2",
        "debug": "^3.1.1",
        "mkdirp": "^0.5.1"
      }
    },
    "punycode": {
      "version": "1.3.2",
      "resolved": "https://registry.npmjs.org/punycode/-/punycode-1.3.2.tgz",
      "integrity": "sha1-llOgNvt8HuQjQvIyXM7v6jkmxI0="
    },
    "qs": {
      "version": "6.9.1",
      "resolved": "https://registry.npmjs.org/qs/-/qs-6.9.1.tgz",
      "integrity": "sha512-Cxm7/SS/y/Z3MHWSxXb8lIFqgqBowP5JMlTUFyJN88y0SGQhVmZnqFK/PeuMX9LzUyWsqqhNxIyg0jlzq946yA=="
    },
    "querystring": {
      "version": "0.2.0",
      "resolved": "https://registry.npmjs.org/querystring/-/querystring-0.2.0.tgz",
      "integrity": "sha1-sgmEkgO7Jd+CDadW50cAWHhSFiA="
    },
    "requires-port": {
      "version": "1.0.0",
      "resolved": "https://registry.npmjs.org/requires-port/-/requires-port-1.0.0.tgz",
      "integrity": "sha1-kl0mAdOaxIXgkc8NpcbmlNw9yv8="
    },
    "resource-loader": {
      "version": "3.0.1",
      "resolved": "https://registry.npmjs.org/resource-loader/-/resource-loader-3.0.1.tgz",
      "integrity": "sha512-fBuCRbEHdLCI1eglzQhUv9Rrdcmqkydr1r6uHE2cYHvRBrcLXeSmbE/qI/urFt8rPr/IGxir3BUwM5kUK8XoyA==",
      "requires": {
        "mini-signals": "^1.2.0",
        "parse-uri": "^1.0.0"
      }
    },
    "secure-compare": {
      "version": "3.0.1",
      "resolved": "https://registry.npmjs.org/secure-compare/-/secure-compare-3.0.1.tgz",
      "integrity": "sha1-8aAymzCLIh+uN7mXTz1XjQypmeM="
    },
    "union": {
      "version": "0.5.0",
      "resolved": "https://registry.npmjs.org/union/-/union-0.5.0.tgz",
      "integrity": "sha512-N6uOhuW6zO95P3Mel2I2zMsbsanvvtgn6jVqJv4vbVcz/JN0OkL9suomjQGmWtxJQXOCqUJvquc1sMeNz/IwlA==",
      "requires": {
        "qs": "^6.4.0"
      }
    },
    "url": {
      "version": "0.11.0",
      "resolved": "https://registry.npmjs.org/url/-/url-0.11.0.tgz",
      "integrity": "sha1-ODjpfPxgUh63PFJajlW/3Z4uKPE=",
      "requires": {
        "punycode": "1.3.2",
        "querystring": "0.2.0"
      }
    },
    "url-join": {
      "version": "2.0.5",
      "resolved": "https://registry.npmjs.org/url-join/-/url-join-2.0.5.tgz",
      "integrity": "sha1-WvIvGMBSoACkjXuCxenC4v7tpyg="
    },
    "wordwrap": {
      "version": "0.0.3",
      "resolved": "https://registry.npmjs.org/wordwrap/-/wordwrap-0.0.3.tgz",
      "integrity": "sha1-o9XabNXAvAAI03I0u68b7WMFkQc="
    }
  }
}
